
Microsoft Visual Studio Solution File, Format Version 12.00
# Visual Studio Version 17
VisualStudioVersion = 17.7.34221.43
MinimumVisualStudioVersion = 10.0.40219.1
Project("{8BC9CEB8-8B4A-11D0-8D11-00A0C91BC942}") = "1", "1\1.vcxproj", "{F3BD9EC8-E851-4BF0-B9D7-DB9930D89EF8}"
EndProject
Project("{8BC9CEB8-8B4A-11D0-8D11-00A0C91BC942}") = "2", "2\2.vcxproj", "{A5792E24-CA67-48CB-B2E9-DE284BDB6D96}"
EndProject
Project("{8BC9CEB8-8B4A-11D0-8D11-00A0C91BC942}") = "3", "3\3.vcxproj", "{3081F574-8B30-4D5D-AE6C-A8C7DBB0B53C}"
EndProject
Project("{8BC9CEB8-8B4A-11D0-8D11-00A0C91BC942}") = "4", "4\4.vcxproj", "{A6FA3489-F66A-4185-A416-035527A26411}"
EndProject
Project("{8BC9CEB8-8B4A-11D0-8D11-00A0C91BC942}") = "5", "5\5.vcxproj", "{B1EBDA26-41DC-405D-AA44-9D8F29A9CB22}"
EndProject
Project("{8BC9CEB8-8B4A-11D0-8D11-00A0C91BC942}") = "6", "6\6.vcxproj", "{27BFF23F-7DA2-44B7-B776-588F078A5FF9}"
EndProject
Project("{8BC9CEB8-8B4A-11D0-8D11-00A0C91BC942}") = "7", "7\7.vcxproj", "{DD8446C9-A9FD-4CE4-84C2-32E648394679}"
EndProject
Project("{8BC9CEB8-8B4A-11D0-8D11-00A0C91BC942}") = "8", "8\8.vcxproj", "{B8B136D3-6918-4C03-8BBD-2E7062612783}"
EndProject
Project("{8BC9CEB8-8B4A-11D0-8D11-00A0C91BC942}") = "9", "9\9.vcxproj", "{EC87F6AE-21F6-4DD4-BA91-6DC4B61B2E2A}"
EndProject
Project("{8BC9CEB8-8B4A-11D0-8D11-00A0C91BC942}") = "10", "10\10.vcxproj", "{C5687E11-8AEF-49BA-862E-9263DFB5B753}"
EndProject
Project("{8BC9CEB8-8B4A-11D0-8D11-00A0C91BC942}") = "11", "11\11.vcxproj", "{52A88705-E48B-4644-997B-C036CFFF3F78}"
EndProject
Project("{8BC9CEB8-8B4A-11D0-8D11-00A0C91BC942}") = "12", "12\12.vcxproj", "{9928D683-18F0-4F02-A5A1-AB7FBFC3123B}"
EndProject
Project("{8BC9CEB8-8B4A-11D0-8D11-00A0C91BC942}") = "13", "13\13.vcxproj", "{E576CBAA-D69A-449F-9757-FF50FC243B80}"
EndProject
Project("{8BC9CEB8-8B4A-11D0-8D11-00A0C91BC942}") = "14", "14\14.vcxproj", "{C3181586-C686-430E-8A78-094B5AD38413}"
EndProject
Project("{8BC9CEB8-8B4A-11D0-8D11-00A0C91BC942}") = "15", "15\15.vcxproj", "{BD2E6C8F-6E87-43C4-B83D-3A19A1205B78}"
EndProject
Project("{8BC9CEB8-8B4A-11D0-8D11-00A0C91BC942}") = "16", "16\16.vcxproj", "{ACE2A242-8558-4F78-AF4E-DC2755A4866A}"
EndProject
Project("{8BC9CEB8-8B4A-11D0-8D11-00A0C91BC942}") = "17", "17\17.vcxproj", "{D8458598-CB8D-4519-94C0-F459023D27B7}"
EndProject
Project("{8BC9CEB8-8B4A-11D0-8D11-00A0C91BC942}") = "18", "18\18.vcxproj", "{133C8031-4586-4D13-BC73-A93BA36F1414}"
EndProject
Project("{8BC9CEB8-8B4A-11D0-8D11-00A0C91BC942}") = "19", "19\19.vcxproj", "{3C7C6745-AD50-4360-B18F-65B66E727EC7}"
EndProject
Project("{8BC9CEB8-8B4A-11D0-8D11-00A0C91BC942}") = "20", "20\20.vcxproj", "{69E2C3E6-A86A-49B6-83DE-CB7A60F477D2}"
EndProject
Project("{8BC9CEB8-8B4A-11D0-8D11-00A0C91BC942}") = "21", "21\21.vcxproj", "{526ECCBE-1645-4A6E-B5FA-31F09613A274}"
EndProject
Project("{8BC9CEB8-8B4A-11D0-8D11-00A0C91BC942}") = "22", "22\22.vcxproj", "{72A7421E-A490-4F12-BDBB-A4639744B530}"
EndProject
Project("{8BC9CEB8-8B4A-11D0-8D11-00A0C91BC942}") = "23", "23\23.vcxproj", "{9920B195-677B-4DC4-855C-542748EF502A}"
EndProject
Project("{8BC9CEB8-8B4A-11D0-8D11-00A0C91BC942}") = "24", "24\24.vcxproj", "{4DD8175F-B9DD-4B1C-9BD9-6387077E5B55}"
EndProject
Project("{8BC9CEB8-8B4A-11D0-8D11-00A0C91BC942}") = "25", "25\25.vcxproj", "{56080C71-4505-4D77-BCB7-74E7372BCDCC}"
EndProject
Project("{8BC9CEB8-8B4A-11D0-8D11-00A0C91BC942}") = "26", "26\26.vcxproj", "{07A01EE1-A1B5-41A9-B70F-9814BBE8EE21}"
EndProject
Project("{8BC9CEB8-8B4A-11D0-8D11-00A0C91BC942}") = "27", "27\27.vcxproj", "{3AFFBFAE-CDEC-404A-871F-C25085A89C23}"
EndProject
Project("{8BC9CEB8-8B4A-11D0-8D11-00A0C91BC942}") = "28", "28\28.vcxproj", "{4FA06945-0A16-408A-8A75-1AAC413E1071}"
EndProject
Project("{8BC9CEB8-8B4A-11D0-8D11-00A0C91BC942}") = "29", "29\29.vcxproj", "{F651D30E-0BA2-4FD9-8482-978BC48DA408}"
EndProject
Project("{8BC9CEB8-8B4A-11D0-8D11-00A0C91BC942}") = "30", "30\30.vcxproj", "{EAD3E3EE-4F87-45B1-BF53-6CD4D5785EEC}"
EndProject
Project("{8BC9CEB8-8B4A-11D0-8D11-00A0C91BC942}") = "31", "31\31.vcxproj", "{C223BC54-64A9-40AD-9A38-C543B53BDDA6}"
EndProject
Project("{8BC9CEB8-8B4A-11D0-8D11-00A0C91BC942}") = "32", "32\32.vcxproj", "{A200B0CE-18F3-4BF8-B5D9-3D3FC9DE6CEC}"
EndProject
Project("{8BC9CEB8-8B4A-11D0-8D11-00A0C91BC942}") = "33", "33\33.vcxproj", "{E15B6CD5-6C9A-4136-95DA-61ED7E3C16A4}"
EndProject
Project("{8BC9CEB8-8B4A-11D0-8D11-00A0C91BC942}") = "34", "34\34.vcxproj", "{6BD6D11E-C1E9-4B93-A423-5435F9959CEA}"
EndProject
Global
	GlobalSection(SolutionConfigurationPlatforms) = preSolution
		Debug|x64 = Debug|x64
		Debug|x86 = Debug|x86
		Release|x64 = Release|x64
		Release|x86 = Release|x86
	EndGlobalSection
	GlobalSection(ProjectConfigurationPlatforms) = postSolution
		{F3BD9EC8-E851-4BF0-B9D7-DB9930D89EF8}.Debug|x64.ActiveCfg = Debug|x64
		{F3BD9EC8-E851-4BF0-B9D7-DB9930D89EF8}.Debug|x64.Build.0 = Debug|x64
		{F3BD9EC8-E851-4BF0-B9D7-DB9930D89EF8}.Debug|x86.ActiveCfg = Debug|Win32
		{F3BD9EC8-E851-4BF0-B9D7-DB9930D89EF8}.Debug|x86.Build.0 = Debug|Win32
		{F3BD9EC8-E851-4BF0-B9D7-DB9930D89EF8}.Release|x64.ActiveCfg = Release|x64
		{F3BD9EC8-E851-4BF0-B9D7-DB9930D89EF8}.Release|x64.Build.0 = Release|x64
		{F3BD9EC8-E851-4BF0-B9D7-DB9930D89EF8}.Release|x86.ActiveCfg = Release|Win32
		{F3BD9EC8-E851-4BF0-B9D7-DB9930D89EF8}.Release|x86.Build.0 = Release|Win32
		{A5792E24-CA67-48CB-B2E9-DE284BDB6D96}.Debug|x64.ActiveCfg = Debug|x64
		{A5792E24-CA67-48CB-B2E9-DE284BDB6D96}.Debug|x64.Build.0 = Debug|x64
		{A5792E24-CA67-48CB-B2E9-DE284BDB6D96}.Debug|x86.ActiveCfg = Debug|Win32
		{A5792E24-CA67-48CB-B2E9-DE284BDB6D96}.Debug|x86.Build.0 = Debug|Win32
		{A5792E24-CA67-48CB-B2E9-DE284BDB6D96}.Release|x64.ActiveCfg = Release|x64
		{A5792E24-CA67-48CB-B2E9-DE284BDB6D96}.Release|x64.Build.0 = Release|x64
		{A5792E24-CA67-48CB-B2E9-DE284BDB6D96}.Release|x86.ActiveCfg = Release|Win32
		{A5792E24-CA67-48CB-B2E9-DE284BDB6D96}.Release|x86.Build.0 = Release|Win32
		{3081F574-8B30-4D5D-AE6C-A8C7DBB0B53C}.Debug|x64.ActiveCfg = Debug|x64
		{3081F574-8B30-4D5D-AE6C-A8C7DBB0B53C}.Debug|x64.Build.0 = Debug|x64
		{3081F574-8B30-4D5D-AE6C-A8C7DBB0B53C}.Debug|x86.ActiveCfg = Debug|Win32
		{3081F574-8B30-4D5D-AE6C-A8C7DBB0B53C}.Debug|x86.Build.0 = Debug|Win32
		{3081F574-8B30-4D5D-AE6C-A8C7DBB0B53C}.Release|x64.ActiveCfg = Release|x64
		{3081F574-8B30-4D5D-AE6C-A8C7DBB0B53C}.Release|x64.Build.0 = Release|x64
		{3081F574-8B30-4D5D-AE6C-A8C7DBB0B53C}.Release|x86.ActiveCfg = Release|Win32
		{3081F574-8B30-4D5D-AE6C-A8C7DBB0B53C}.Release|x86.Build.0 = Release|Win32
		{A6FA3489-F66A-4185-A416-035527A26411}.Debug|x64.ActiveCfg = Debug|x64
		{A6FA3489-F66A-4185-A416-035527A26411}.Debug|x64.Build.0 = Debug|x64
		{A6FA3489-F66A-4185-A416-035527A26411}.Debug|x86.ActiveCfg = Debug|Win32
		{A6FA3489-F66A-4185-A416-035527A26411}.Debug|x86.Build.0 = Debug|Win32
		{A6FA3489-F66A-4185-A416-035527A26411}.Release|x64.ActiveCfg = Release|x64
		{A6FA3489-F66A-4185-A416-035527A26411}.Release|x64.Build.0 = Release|x64
		{A6FA3489-F66A-4185-A416-035527A26411}.Release|x86.ActiveCfg = Release|Win32
		{A6FA3489-F66A-4185-A416-035527A26411}.Release|x86.Build.0 = Release|Win32
		{B1EBDA26-41DC-405D-AA44-9D8F29A9CB22}.Debug|x64.ActiveCfg = Debug|x64
		{B1EBDA26-41DC-405D-AA44-9D8F29A9CB22}.Debug|x64.Build.0 = Debug|x64
		{B1EBDA26-41DC-405D-AA44-9D8F29A9CB22}.Debug|x86.ActiveCfg = Debug|Win32
		{B1EBDA26-41DC-405D-AA44-9D8F29A9CB22}.Debug|x86.Build.0 = Debug|Win32
		{B1EBDA26-41DC-405D-AA44-9D8F29A9CB22}.Release|x64.ActiveCfg = Release|x64
		{B1EBDA26-41DC-405D-AA44-9D8F29A9CB22}.Release|x64.Build.0 = Release|x64
		{B1EBDA26-41DC-405D-AA44-9D8F29A9CB22}.Release|x86.ActiveCfg = Release|Win32
		{B1EBDA26-41DC-405D-AA44-9D8F29A9CB22}.Release|x86.Build.0 = Release|Win32
		{27BFF23F-7DA2-44B7-B776-588F078A5FF9}.Debug|x64.ActiveCfg = Debug|x64
		{27BFF23F-7DA2-44B7-B776-588F078A5FF9}.Debug|x64.Build.0 = Debug|x64
		{27BFF23F-7DA2-44B7-B776-588F078A5FF9}.Debug|x86.ActiveCfg = Debug|Win32
		{27BFF23F-7DA2-44B7-B776-588F078A5FF9}.Debug|x86.Build.0 = Debug|Win32
		{27BFF23F-7DA2-44B7-B776-588F078A5FF9}.Release|x64.ActiveCfg = Release|x64
		{27BFF23F-7DA2-44B7-B776-588F078A5FF9}.Release|x64.Build.0 = Release|x64
		{27BFF23F-7DA2-44B7-B776-588F078A5FF9}.Release|x86.ActiveCfg = Release|Win32
		{27BFF23F-7DA2-44B7-B776-588F078A5FF9}.Release|x86.Build.0 = Release|Win32
		{DD8446C9-A9FD-4CE4-84C2-32E648394679}.Debug|x64.ActiveCfg = Debug|x64
		{DD8446C9-A9FD-4CE4-84C2-32E648394679}.Debug|x64.Build.0 = Debug|x64
		{DD8446C9-A9FD-4CE4-84C2-32E648394679}.Debug|x86.ActiveCfg = Debug|Win32
		{DD8446C9-A9FD-4CE4-84C2-32E648394679}.Debug|x86.Build.0 = Debug|Win32
		{DD8446C9-A9FD-4CE4-84C2-32E648394679}.Release|x64.ActiveCfg = Release|x64
		{DD8446C9-A9FD-4CE4-84C2-32E648394679}.Release|x64.Build.0 = Release|x64
		{DD8446C9-A9FD-4CE4-84C2-32E648394679}.Release|x86.ActiveCfg = Release|Win32
		{DD8446C9-A9FD-4CE4-84C2-32E648394679}.Release|x86.Build.0 = Release|Win32
		{B8B136D3-6918-4C03-8BBD-2E7062612783}.Debug|x64.ActiveCfg = Debug|x64
		{B8B136D3-6918-4C03-8BBD-2E7062612783}.Debug|x64.Build.0 = Debug|x64
		{B8B136D3-6918-4C03-8BBD-2E7062612783}.Debug|x86.ActiveCfg = Debug|Win32
		{B8B136D3-6918-4C03-8BBD-2E7062612783}.Debug|x86.Build.0 = Debug|Win32
		{B8B136D3-6918-4C03-8BBD-2E7062612783}.Release|x64.ActiveCfg = Release|x64
		{B8B136D3-6918-4C03-8BBD-2E7062612783}.Release|x64.Build.0 = Release|x64
		{B8B136D3-6918-4C03-8BBD-2E7062612783}.Release|x86.ActiveCfg = Release|Win32
		{B8B136D3-6918-4C03-8BBD-2E7062612783}.Release|x86.Build.0 = Release|Win32
		{EC87F6AE-21F6-4DD4-BA91-6DC4B61B2E2A}.Debug|x64.ActiveCfg = Debug|x64
		{EC87F6AE-21F6-4DD4-BA91-6DC4B61B2E2A}.Debug|x64.Build.0 = Debug|x64
		{EC87F6AE-21F6-4DD4-BA91-6DC4B61B2E2A}.Debug|x86.ActiveCfg = Debug|Win32
		{EC87F6AE-21F6-4DD4-BA91-6DC4B61B2E2A}.Debug|x86.Build.0 = Debug|Win32
		{EC87F6AE-21F6-4DD4-BA91-6DC4B61B2E2A}.Release|x64.ActiveCfg = Release|x64
		{EC87F6AE-21F6-4DD4-BA91-6DC4B61B2E2A}.Release|x64.Build.0 = Release|x64
		{EC87F6AE-21F6-4DD4-BA91-6DC4B61B2E2A}.Release|x86.ActiveCfg = Release|Win32
		{EC87F6AE-21F6-4DD4-BA91-6DC4B61B2E2A}.Release|x86.Build.0 = Release|Win32
		{C5687E11-8AEF-49BA-862E-9263DFB5B753}.Debug|x64.ActiveCfg = Debug|x64
		{C5687E11-8AEF-49BA-862E-9263DFB5B753}.Debug|x64.Build.0 = Debug|x64
		{C5687E11-8AEF-49BA-862E-9263DFB5B753}.Debug|x86.ActiveCfg = Debug|Win32
		{C5687E11-8AEF-49BA-862E-9263DFB5B753}.Debug|x86.Build.0 = Debug|Win32
		{C5687E11-8AEF-49BA-862E-9263DFB5B753}.Release|x64.ActiveCfg = Release|x64
		{C5687E11-8AEF-49BA-862E-9263DFB5B753}.Release|x64.Build.0 = Release|x64
		{C5687E11-8AEF-49BA-862E-9263DFB5B753}.Release|x86.ActiveCfg = Release|Win32
		{C5687E11-8AEF-49BA-862E-9263DFB5B753}.Release|x86.Build.0 = Release|Win32
		{52A88705-E48B-4644-997B-C036CFFF3F78}.Debug|x64.ActiveCfg = Debug|x64
		{52A88705-E48B-4644-997B-C036CFFF3F78}.Debug|x64.Build.0 = Debug|x64
		{52A88705-E48B-4644-997B-C036CFFF3F78}.Debug|x86.ActiveCfg = Debug|Win32
		{52A88705-E48B-4644-997B-C036CFFF3F78}.Debug|x86.Build.0 = Debug|Win32
		{52A88705-E48B-4644-997B-C036CFFF3F78}.Release|x64.ActiveCfg = Release|x64
		{52A88705-E48B-4644-997B-C036CFFF3F78}.Release|x64.Build.0 = Release|x64
		{52A88705-E48B-4644-997B-C036CFFF3F78}.Release|x86.ActiveCfg = Release|Win32
		{52A88705-E48B-4644-997B-C036CFFF3F78}.Release|x86.Build.0 = Release|Win32
		{9928D683-18F0-4F02-A5A1-AB7FBFC3123B}.Debug|x64.ActiveCfg = Debug|x64
		{9928D683-18F0-4F02-A5A1-AB7FBFC3123B}.Debug|x64.Build.0 = Debug|x64
		{9928D683-18F0-4F02-A5A1-AB7FBFC3123B}.Debug|x86.ActiveCfg = Debug|Win32
		{9928D683-18F0-4F02-A5A1-AB7FBFC3123B}.Debug|x86.Build.0 = Debug|Win32
		{9928D683-18F0-4F02-A5A1-AB7FBFC3123B}.Release|x64.ActiveCfg = Release|x64
		{9928D683-18F0-4F02-A5A1-AB7FBFC3123B}.Release|x64.Build.0 = Release|x64
		{9928D683-18F0-4F02-A5A1-AB7FBFC3123B}.Release|x86.ActiveCfg = Release|Win32
		{9928D683-18F0-4F02-A5A1-AB7FBFC3123B}.Release|x86.Build.0 = Release|Win32
		{E576CBAA-D69A-449F-9757-FF50FC243B80}.Debug|x64.ActiveCfg = Debug|x64
		{E576CBAA-D69A-449F-9757-FF50FC243B80}.Debug|x64.Build.0 = Debug|x64
		{E576CBAA-D69A-449F-9757-FF50FC243B80}.Debug|x86.ActiveCfg = Debug|Win32
		{E576CBAA-D69A-449F-9757-FF50FC243B80}.Debug|x86.Build.0 = Debug|Win32
		{E576CBAA-D69A-449F-9757-FF50FC243B80}.Release|x64.ActiveCfg = Release|x64
		{E576CBAA-D69A-449F-9757-FF50FC243B80}.Release|x64.Build.0 = Release|x64
		{E576CBAA-D69A-449F-9757-FF50FC243B80}.Release|x86.ActiveCfg = Release|Win32
		{E576CBAA-D69A-449F-9757-FF50FC243B80}.Release|x86.Build.0 = Release|Win32
		{C3181586-C686-430E-8A78-094B5AD38413}.Debug|x64.ActiveCfg = Debug|x64
		{C3181586-C686-430E-8A78-094B5AD38413}.Debug|x64.Build.0 = Debug|x64
		{C3181586-C686-430E-8A78-094B5AD38413}.Debug|x86.ActiveCfg = Debug|Win32
		{C3181586-C686-430E-8A78-094B5AD38413}.Debug|x86.Build.0 = Debug|Win32
		{C3181586-C686-430E-8A78-094B5AD38413}.Release|x64.ActiveCfg = Release|x64
		{C3181586-C686-430E-8A78-094B5AD38413}.Release|x64.Build.0 = Release|x64
		{C3181586-C686-430E-8A78-094B5AD38413}.Release|x86.ActiveCfg = Release|Win32
		{C3181586-C686-430E-8A78-094B5AD38413}.Release|x86.Build.0 = Release|Win32
		{BD2E6C8F-6E87-43C4-B83D-3A19A1205B78}.Debug|x64.ActiveCfg = Debug|x64
		{BD2E6C8F-6E87-43C4-B83D-3A19A1205B78}.Debug|x64.Build.0 = Debug|x64
		{BD2E6C8F-6E87-43C4-B83D-3A19A1205B78}.Debug|x86.ActiveCfg = Debug|Win32
		{BD2E6C8F-6E87-43C4-B83D-3A19A1205B78}.Debug|x86.Build.0 = Debug|Win32
		{BD2E6C8F-6E87-43C4-B83D-3A19A1205B78}.Release|x64.ActiveCfg = Release|x64
		{BD2E6C8F-6E87-43C4-B83D-3A19A1205B78}.Release|x64.Build.0 = Release|x64
		{BD2E6C8F-6E87-43C4-B83D-3A19A1205B78}.Release|x86.ActiveCfg = Release|Win32
		{BD2E6C8F-6E87-43C4-B83D-3A19A1205B78}.Release|x86.Build.0 = Release|Win32
		{ACE2A242-8558-4F78-AF4E-DC2755A4866A}.Debug|x64.ActiveCfg = Debug|x64
		{ACE2A242-8558-4F78-AF4E-DC2755A4866A}.Debug|x64.Build.0 = Debug|x64
		{ACE2A242-8558-4F78-AF4E-DC2755A4866A}.Debug|x86.ActiveCfg = Debug|Win32
		{ACE2A242-8558-4F78-AF4E-DC2755A4866A}.Debug|x86.Build.0 = Debug|Win32
		{ACE2A242-8558-4F78-AF4E-DC2755A4866A}.Release|x64.ActiveCfg = Release|x64
		{ACE2A242-8558-4F78-AF4E-DC2755A4866A}.Release|x64.Build.0 = Release|x64
		{ACE2A242-8558-4F78-AF4E-DC2755A4866A}.Release|x86.ActiveCfg = Release|Win32
		{ACE2A242-8558-4F78-AF4E-DC2755A4866A}.Release|x86.Build.0 = Release|Win32
		{D8458598-CB8D-4519-94C0-F459023D27B7}.Debug|x64.ActiveCfg = Debug|x64
		{D8458598-CB8D-4519-94C0-F459023D27B7}.Debug|x64.Build.0 = Debug|x64
		{D8458598-CB8D-4519-94C0-F459023D27B7}.Debug|x86.ActiveCfg = Debug|Win32
		{D8458598-CB8D-4519-94C0-F459023D27B7}.Debug|x86.Build.0 = Debug|Win32
		{D8458598-CB8D-4519-94C0-F459023D27B7}.Release|x64.ActiveCfg = Release|x64
		{D8458598-CB8D-4519-94C0-F459023D27B7}.Release|x64.Build.0 = Release|x64
		{D8458598-CB8D-4519-94C0-F459023D27B7}.Release|x86.ActiveCfg = Release|Win32
		{D8458598-CB8D-4519-94C0-F459023D27B7}.Release|x86.Build.0 = Release|Win32
		{133C8031-4586-4D13-BC73-A93BA36F1414}.Debug|x64.ActiveCfg = Debug|x64
		{133C8031-4586-4D13-BC73-A93BA36F1414}.Debug|x64.Build.0 = Debug|x64
		{133C8031-4586-4D13-BC73-A93BA36F1414}.Debug|x86.ActiveCfg = Debug|Win32
		{133C8031-4586-4D13-BC73-A93BA36F1414}.Debug|x86.Build.0 = Debug|Win32
		{133C8031-4586-4D13-BC73-A93BA36F1414}.Release|x64.ActiveCfg = Release|x64
		{133C8031-4586-4D13-BC73-A93BA36F1414}.Release|x64.Build.0 = Release|x64
		{133C8031-4586-4D13-BC73-A93BA36F1414}.Release|x86.ActiveCfg = Release|Win32
		{133C8031-4586-4D13-BC73-A93BA36F1414}.Release|x86.Build.0 = Release|Win32
		{3C7C6745-AD50-4360-B18F-65B66E727EC7}.Debug|x64.ActiveCfg = Debug|x64
		{3C7C6745-AD50-4360-B18F-65B66E727EC7}.Debug|x64.Build.0 = Debug|x64
		{3C7C6745-AD50-4360-B18F-65B66E727EC7}.Debug|x86.ActiveCfg = Debug|Win32
		{3C7C6745-AD50-4360-B18F-65B66E727EC7}.Debug|x86.Build.0 = Debug|Win32
		{3C7C6745-AD50-4360-B18F-65B66E727EC7}.Release|x64.ActiveCfg = Release|x64
		{3C7C6745-AD50-4360-B18F-65B66E727EC7}.Release|x64.Build.0 = Release|x64
		{3C7C6745-AD50-4360-B18F-65B66E727EC7}.Release|x86.ActiveCfg = Release|Win32
		{3C7C6745-AD50-4360-B18F-65B66E727EC7}.Release|x86.Build.0 = Release|Win32
		{69E2C3E6-A86A-49B6-83DE-CB7A60F477D2}.Debug|x64.ActiveCfg = Debug|x64
		{69E2C3E6-A86A-49B6-83DE-CB7A60F477D2}.Debug|x64.Build.0 = Debug|x64
		{69E2C3E6-A86A-49B6-83DE-CB7A60F477D2}.Debug|x86.ActiveCfg = Debug|Win32
		{69E2C3E6-A86A-49B6-83DE-CB7A60F477D2}.Debug|x86.Build.0 = Debug|Win32
		{69E2C3E6-A86A-49B6-83DE-CB7A60F477D2}.Release|x64.ActiveCfg = Release|x64
		{69E2C3E6-A86A-49B6-83DE-CB7A60F477D2}.Release|x64.Build.0 = Release|x64
		{69E2C3E6-A86A-49B6-83DE-CB7A60F477D2}.Release|x86.ActiveCfg = Release|Win32
		{69E2C3E6-A86A-49B6-83DE-CB7A60F477D2}.Release|x86.Build.0 = Release|Win32
		{526ECCBE-1645-4A6E-B5FA-31F09613A274}.Debug|x64.ActiveCfg = Debug|x64
		{526ECCBE-1645-4A6E-B5FA-31F09613A274}.Debug|x64.Build.0 = Debug|x64
		{526ECCBE-1645-4A6E-B5FA-31F09613A274}.Debug|x86.ActiveCfg = Debug|Win32
		{526ECCBE-1645-4A6E-B5FA-31F09613A274}.Debug|x86.Build.0 = Debug|Win32
		{526ECCBE-1645-4A6E-B5FA-31F09613A274}.Release|x64.ActiveCfg = Release|x64
		{526ECCBE-1645-4A6E-B5FA-31F09613A274}.Release|x64.Build.0 = Release|x64
		{526ECCBE-1645-4A6E-B5FA-31F09613A274}.Release|x86.ActiveCfg = Release|Win32
		{526ECCBE-1645-4A6E-B5FA-31F09613A274}.Release|x86.Build.0 = Release|Win32
		{72A7421E-A490-4F12-BDBB-A4639744B530}.Debug|x64.ActiveCfg = Debug|x64
		{72A7421E-A490-4F12-BDBB-A4639744B530}.Debug|x64.Build.0 = Debug|x64
		{72A7421E-A490-4F12-BDBB-A4639744B530}.Debug|x86.ActiveCfg = Debug|Win32
		{72A7421E-A490-4F12-BDBB-A4639744B530}.Debug|x86.Build.0 = Debug|Win32
		{72A7421E-A490-4F12-BDBB-A4639744B530}.Release|x64.ActiveCfg = Release|x64
		{72A7421E-A490-4F12-BDBB-A4639744B530}.Release|x64.Build.0 = Release|x64
		{72A7421E-A490-4F12-BDBB-A4639744B530}.Release|x86.ActiveCfg = Release|Win32
		{72A7421E-A490-4F12-BDBB-A4639744B530}.Release|x86.Build.0 = Release|Win32
		{9920B195-677B-4DC4-855C-542748EF502A}.Debug|x64.ActiveCfg = Debug|x64
		{9920B195-677B-4DC4-855C-542748EF502A}.Debug|x64.Build.0 = Debug|x64
		{9920B195-677B-4DC4-855C-542748EF502A}.Debug|x86.ActiveCfg = Debug|Win32
		{9920B195-677B-4DC4-855C-542748EF502A}.Debug|x86.Build.0 = Debug|Win32
		{9920B195-677B-4DC4-855C-542748EF502A}.Release|x64.ActiveCfg = Release|x64
		{9920B195-677B-4DC4-855C-542748EF502A}.Release|x64.Build.0 = Release|x64
		{9920B195-677B-4DC4-855C-542748EF502A}.Release|x86.ActiveCfg = Release|Win32
		{9920B195-677B-4DC4-855C-542748EF502A}.Release|x86.Build.0 = Release|Win32
		{4DD8175F-B9DD-4B1C-9BD9-6387077E5B55}.Debug|x64.ActiveCfg = Debug|x64
		{4DD8175F-B9DD-4B1C-9BD9-6387077E5B55}.Debug|x64.Build.0 = Debug|x64
		{4DD8175F-B9DD-4B1C-9BD9-6387077E5B55}.Debug|x86.ActiveCfg = Debug|Win32
		{4DD8175F-B9DD-4B1C-9BD9-6387077E5B55}.Debug|x86.Build.0 = Debug|Win32
		{4DD8175F-B9DD-4B1C-9BD9-6387077E5B55}.Release|x64.ActiveCfg = Release|x64
		{4DD8175F-B9DD-4B1C-9BD9-6387077E5B55}.Release|x64.Build.0 = Release|x64
		{4DD8175F-B9DD-4B1C-9BD9-6387077E5B55}.Release|x86.ActiveCfg = Release|Win32
		{4DD8175F-B9DD-4B1C-9BD9-6387077E5B55}.Release|x86.Build.0 = Release|Win32
		{56080C71-4505-4D77-BCB7-74E7372BCDCC}.Debug|x64.ActiveCfg = Debug|x64
		{56080C71-4505-4D77-BCB7-74E7372BCDCC}.Debug|x64.Build.0 = Debug|x64
		{56080C71-4505-4D77-BCB7-74E7372BCDCC}.Debug|x86.ActiveCfg = Debug|Win32
		{56080C71-4505-4D77-BCB7-74E7372BCDCC}.Debug|x86.Build.0 = Debug|Win32
		{56080C71-4505-4D77-BCB7-74E7372BCDCC}.Release|x64.ActiveCfg = Release|x64
		{56080C71-4505-4D77-BCB7-74E7372BCDCC}.Release|x64.Build.0 = Release|x64
		{56080C71-4505-4D77-BCB7-74E7372BCDCC}.Release|x86.ActiveCfg = Release|Win32
		{56080C71-4505-4D77-BCB7-74E7372BCDCC}.Release|x86.Build.0 = Release|Win32
		{07A01EE1-A1B5-41A9-B70F-9814BBE8EE21}.Debug|x64.ActiveCfg = Debug|x64
		{07A01EE1-A1B5-41A9-B70F-9814BBE8EE21}.Debug|x64.Build.0 = Debug|x64
		{07A01EE1-A1B5-41A9-B70F-9814BBE8EE21}.Debug|x86.ActiveCfg = Debug|Win32
		{07A01EE1-A1B5-41A9-B70F-9814BBE8EE21}.Debug|x86.Build.0 = Debug|Win32
		{07A01EE1-A1B5-41A9-B70F-9814BBE8EE21}.Release|x64.ActiveCfg = Release|x64
		{07A01EE1-A1B5-41A9-B70F-9814BBE8EE21}.Release|x64.Build.0 = Release|x64
		{07A01EE1-A1B5-41A9-B70F-9814BBE8EE21}.Release|x86.ActiveCfg = Release|Win32
		{07A01EE1-A1B5-41A9-B70F-9814BBE8EE21}.Release|x86.Build.0 = Release|Win32
		{3AFFBFAE-CDEC-404A-871F-C25085A89C23}.Debug|x64.ActiveCfg = Debug|x64
		{3AFFBFAE-CDEC-404A-871F-C25085A89C23}.Debug|x64.Build.0 = Debug|x64
		{3AFFBFAE-CDEC-404A-871F-C25085A89C23}.Debug|x86.ActiveCfg = Debug|Win32
		{3AFFBFAE-CDEC-404A-871F-C25085A89C23}.Debug|x86.Build.0 = Debug|Win32
		{3AFFBFAE-CDEC-404A-871F-C25085A89C23}.Release|x64.ActiveCfg = Release|x64
		{3AFFBFAE-CDEC-404A-871F-C25085A89C23}.Release|x64.Build.0 = Release|x64
		{3AFFBFAE-CDEC-404A-871F-C25085A89C23}.Release|x86.ActiveCfg = Release|Win32
		{3AFFBFAE-CDEC-404A-871F-C25085A89C23}.Release|x86.Build.0 = Release|Win32
		{4FA06945-0A16-408A-8A75-1AAC413E1071}.Debug|x64.ActiveCfg = Debug|x64
		{4FA06945-0A16-408A-8A75-1AAC413E1071}.Debug|x64.Build.0 = Debug|x64
		{4FA06945-0A16-408A-8A75-1AAC413E1071}.Debug|x86.ActiveCfg = Debug|Win32
		{4FA06945-0A16-408A-8A75-1AAC413E1071}.Debug|x86.Build.0 = Debug|Win32
		{4FA06945-0A16-408A-8A75-1AAC413E1071}.Release|x64.ActiveCfg = Release|x64
		{4FA06945-0A16-408A-8A75-1AAC413E1071}.Release|x64.Build.0 = Release|x64
		{4FA06945-0A16-408A-8A75-1AAC413E1071}.Release|x86.ActiveCfg = Release|Win32
		{4FA06945-0A16-408A-8A75-1AAC413E1071}.Release|x86.Build.0 = Release|Win32
		{F651D30E-0BA2-4FD9-8482-978BC48DA408}.Debug|x64.ActiveCfg = Debug|x64
		{F651D30E-0BA2-4FD9-8482-978BC48DA408}.Debug|x64.Build.0 = Debug|x64
		{F651D30E-0BA2-4FD9-8482-978BC48DA408}.Debug|x86.ActiveCfg = Debug|Win32
		{F651D30E-0BA2-4FD9-8482-978BC48DA408}.Debug|x86.Build.0 = Debug|Win32
		{F651D30E-0BA2-4FD9-8482-978BC48DA408}.Release|x64.ActiveCfg = Release|x64
		{F651D30E-0BA2-4FD9-8482-978BC48DA408}.Release|x64.Build.0 = Release|x64
		{F651D30E-0BA2-4FD9-8482-978BC48DA408}.Release|x86.ActiveCfg = Release|Win32
		{F651D30E-0BA2-4FD9-8482-978BC48DA408}.Release|x86.Build.0 = Release|Win32
		{EAD3E3EE-4F87-45B1-BF53-6CD4D5785EEC}.Debug|x64.ActiveCfg = Debug|x64
		{EAD3E3EE-4F87-45B1-BF53-6CD4D5785EEC}.Debug|x64.Build.0 = Debug|x64
		{EAD3E3EE-4F87-45B1-BF53-6CD4D5785EEC}.Debug|x86.ActiveCfg = Debug|Win32
		{EAD3E3EE-4F87-45B1-BF53-6CD4D5785EEC}.Debug|x86.Build.0 = Debug|Win32
		{EAD3E3EE-4F87-45B1-BF53-6CD4D5785EEC}.Release|x64.ActiveCfg = Release|x64
		{EAD3E3EE-4F87-45B1-BF53-6CD4D5785EEC}.Release|x64.Build.0 = Release|x64
		{EAD3E3EE-4F87-45B1-BF53-6CD4D5785EEC}.Release|x86.ActiveCfg = Release|Win32
		{EAD3E3EE-4F87-45B1-BF53-6CD4D5785EEC}.Release|x86.Build.0 = Release|Win32
		{C223BC54-64A9-40AD-9A38-C543B53BDDA6}.Debug|x64.ActiveCfg = Debug|x64
		{C223BC54-64A9-40AD-9A38-C543B53BDDA6}.Debug|x64.Build.0 = Debug|x64
		{C223BC54-64A9-40AD-9A38-C543B53BDDA6}.Debug|x86.ActiveCfg = Debug|Win32
		{C223BC54-64A9-40AD-9A38-C543B53BDDA6}.Debug|x86.Build.0 = Debug|Win32
		{C223BC54-64A9-40AD-9A38-C543B53BDDA6}.Release|x64.ActiveCfg = Release|x64
		{C223BC54-64A9-40AD-9A38-C543B53BDDA6}.Release|x64.Build.0 = Release|x64
		{C223BC54-64A9-40AD-9A38-C543B53BDDA6}.Release|x86.ActiveCfg = Release|Win32
		{C223BC54-64A9-40AD-9A38-C543B53BDDA6}.Release|x86.Build.0 = Release|Win32
		{A200B0CE-18F3-4BF8-B5D9-3D3FC9DE6CEC}.Debug|x64.ActiveCfg = Debug|x64
		{A200B0CE-18F3-4BF8-B5D9-3D3FC9DE6CEC}.Debug|x64.Build.0 = Debug|x64
		{A200B0CE-18F3-4BF8-B5D9-3D3FC9DE6CEC}.Debug|x86.ActiveCfg = Debug|Win32
		{A200B0CE-18F3-4BF8-B5D9-3D3FC9DE6CEC}.Debug|x86.Build.0 = Debug|Win32
		{A200B0CE-18F3-4BF8-B5D9-3D3FC9DE6CEC}.Release|x64.ActiveCfg = Release|x64
		{A200B0CE-18F3-4BF8-B5D9-3D3FC9DE6CEC}.Release|x64.Build.0 = Release|x64
		{A200B0CE-18F3-4BF8-B5D9-3D3FC9DE6CEC}.Release|x86.ActiveCfg = Release|Win32
		{A200B0CE-18F3-4BF8-B5D9-3D3FC9DE6CEC}.Release|x86.Build.0 = Release|Win32
		{E15B6CD5-6C9A-4136-95DA-61ED7E3C16A4}.Debug|x64.ActiveCfg = Debug|x64
		{E15B6CD5-6C9A-4136-95DA-61ED7E3C16A4}.Debug|x64.Build.0 = Debug|x64
		{E15B6CD5-6C9A-4136-95DA-61ED7E3C16A4}.Debug|x86.ActiveCfg = Debug|Win32
		{E15B6CD5-6C9A-4136-95DA-61ED7E3C16A4}.Debug|x86.Build.0 = Debug|Win32
		{E15B6CD5-6C9A-4136-95DA-61ED7E3C16A4}.Release|x64.ActiveCfg = Release|x64
		{E15B6CD5-6C9A-4136-95DA-61ED7E3C16A4}.Release|x64.Build.0 = Release|x64
		{E15B6CD5-6C9A-4136-95DA-61ED7E3C16A4}.Release|x86.ActiveCfg = Release|Win32
		{E15B6CD5-6C9A-4136-95DA-61ED7E3C16A4}.Release|x86.Build.0 = Release|Win32
		{6BD6D11E-C1E9-4B93-A423-5435F9959CEA}.Debug|x64.ActiveCfg = Debug|x64
		{6BD6D11E-C1E9-4B93-A423-5435F9959CEA}.Debug|x64.Build.0 = Debug|x64
		{6BD6D11E-C1E9-4B93-A423-5435F9959CEA}.Debug|x86.ActiveCfg = Debug|Win32
		{6BD6D11E-C1E9-4B93-A423-5435F9959CEA}.Debug|x86.Build.0 = Debug|Win32
		{6BD6D11E-C1E9-4B93-A423-5435F9959CEA}.Release|x64.ActiveCfg = Release|x64
		{6BD6D11E-C1E9-4B93-A423-5435F9959CEA}.Release|x64.Build.0 = Release|x64
		{6BD6D11E-C1E9-4B93-A423-5435F9959CEA}.Release|x86.ActiveCfg = Release|Win32
		{6BD6D11E-C1E9-4B93-A423-5435F9959CEA}.Release|x86.Build.0 = Release|Win32
	EndGlobalSection
	GlobalSection(SolutionProperties) = preSolution
		HideSolutionNode = FALSE
	EndGlobalSection
	GlobalSection(ExtensibilityGlobals) = postSolution
		SolutionGuid = {A4C2B96E-CDD3-4B71-B2EB-6CAAD9F0C6AB}
	EndGlobalSection
EndGlobal
